
Microsoft Visual Studio Solution File, Format Version 12.00
# Visual Studio Version 17
VisualStudioVersion = 17.3.32929.385
MinimumVisualStudioVersion = 10.0.40219.1
Project("{FAE04EC0-301F-11D3-BF4B-00C04F79EFBC}") = "StoreSln_OOP", "StoreSln_OOP.csproj", "{DC689ED7-E3B4-4062-B5C8-3BC5C382A402}"
EndProject
Global
	GlobalSection(SolutionConfigurationPlatforms) = preSolution
		Debug|Any CPU = Debug|Any CPU
		Release|Any CPU = Release|Any CPU
	EndGlobalSection
	GlobalSection(ProjectConfigurationPlatforms) = postSolution
		{DC689ED7-E3B4-4062-B5C8-3BC5C382A402}.Debug|Any CPU.ActiveCfg = Debug|Any CPU
		{DC689ED7-E3B4-4062-B5C8-3BC5C382A402}.Debug|Any CPU.Build.0 = Debug|Any CPU
		{DC689ED7-E3B4-4062-B5C8-3BC5C382A402}.Release|Any CPU.ActiveCfg = Release|Any CPU
		{DC689ED7-E3B4-4062-B5C8-3BC5C382A402}.Release|Any CPU.Build.0 = Release|Any CPU
	EndGlobalSection
	GlobalSection(SolutionProperties) = preSolution
		HideSolutionNode = FALSE
	EndGlobalSection
	GlobalSection(ExtensibilityGlobals) = postSolution
		SolutionGuid = {3A39DED0-12A7-4587-9F36-9C077CDCBCBC}
	EndGlobalSection
EndGlobal
